
Microsoft Visual Studio Solution File, Format Version 12.00
# Visual Studio Version 17
VisualStudioVersion = 17.9.34616.47
MinimumVisualStudioVersion = 10.0.40219.1
Project("{9A19103F-16F7-4668-BE54-9A1E7A4F7556}") = "Simple.XChart.RoL.Web", "Simple.XChart.RoL.Web\Simple.XChart.RoL.Web.csproj", "{ED6DB435-D874-479C-B4EB-24F5010EE89F}"
EndProject
Project("{9A19103F-16F7-4668-BE54-9A1E7A4F7556}") = "Simple.XChart.RoL.Common", "Simple.XChart.RoL.Common\Simple.XChart.RoL.Common.csproj", "{370C6C50-93CA-4AC0-8AD5-98ADBBDF70B1}"
EndProject
Global
	GlobalSection(SolutionConfigurationPlatforms) = preSolution
		Debug|Any CPU = Debug|Any CPU
		Release|Any CPU = Release|Any CPU
	EndGlobalSection
	GlobalSection(ProjectConfigurationPlatforms) = postSolution
		{ED6DB435-D874-479C-B4EB-24F5010EE89F}.Debug|Any CPU.ActiveCfg = Debug|Any CPU
		{ED6DB435-D874-479C-B4EB-24F5010EE89F}.Debug|Any CPU.Build.0 = Debug|Any CPU
		{ED6DB435-D874-479C-B4EB-24F5010EE89F}.Release|Any CPU.ActiveCfg = Release|Any CPU
		{ED6DB435-D874-479C-B4EB-24F5010EE89F}.Release|Any CPU.Build.0 = Release|Any CPU
		{370C6C50-93CA-4AC0-8AD5-98ADBBDF70B1}.Debug|Any CPU.ActiveCfg = Debug|Any CPU
		{370C6C50-93CA-4AC0-8AD5-98ADBBDF70B1}.Debug|Any CPU.Build.0 = Debug|Any CPU
		{370C6C50-93CA-4AC0-8AD5-98ADBBDF70B1}.Release|Any CPU.ActiveCfg = Release|Any CPU
		{370C6C50-93CA-4AC0-8AD5-98ADBBDF70B1}.Release|Any CPU.Build.0 = Release|Any CPU
	EndGlobalSection
	GlobalSection(SolutionProperties) = preSolution
		HideSolutionNode = FALSE
	EndGlobalSection
	GlobalSection(ExtensibilityGlobals) = postSolution
		SolutionGuid = {8EC37716-B38A-48CC-B845-FBA589B1E009}
	EndGlobalSection
EndGlobal
